
Microsoft Visual Studio Solution File, Format Version 12.00
# Visual Studio 15
VisualStudioVersion = 15.0.27703.2035
MinimumVisualStudioVersion = 10.0.40219.1
Project("{FAE04EC0-301F-11D3-BF4B-00C04F79EFBC}") = "Elevator", "Elevator\Elevator.csproj", "{61152783-5C1F-4130-9517-89526CC5CEEA}"
EndProject
Global
	GlobalSection(SolutionConfigurationPlatforms) = preSolution
		Debug|Any CPU = Debug|Any CPU
		Release|Any CPU = Release|Any CPU
	EndGlobalSection
	GlobalSection(ProjectConfigurationPlatforms) = postSolution
		{61152783-5C1F-4130-9517-89526CC5CEEA}.Debug|Any CPU.ActiveCfg = Debug|Any CPU
		{61152783-5C1F-4130-9517-89526CC5CEEA}.Debug|Any CPU.Build.0 = Debug|Any CPU
		{61152783-5C1F-4130-9517-89526CC5CEEA}.Release|Any CPU.ActiveCfg = Release|Any CPU
		{61152783-5C1F-4130-9517-89526CC5CEEA}.Release|Any CPU.Build.0 = Release|Any CPU
	EndGlobalSection
	GlobalSection(SolutionProperties) = preSolution
		HideSolutionNode = FALSE
	EndGlobalSection
	GlobalSection(ExtensibilityGlobals) = postSolution
		SolutionGuid = {1E8AAC1C-A0E3-45FF-95DD-AC933974C8A0}
	EndGlobalSection
EndGlobal
